
Microsoft Visual Studio Solution File, Format Version 12.00
# Visual Studio Version 17
VisualStudioVersion = 17.0.31903.59
MinimumVisualStudioVersion = 10.0.40219.1
Project("{FAE04EC0-301F-11D3-BF4B-00C04F79EFBC}") = "BankSystem", "BankSystem\BankSystem.csproj", "{F915DA30-612E-4E86-9D3A-80B7D3A88914}"
EndProject
Project("{FAE04EC0-301F-11D3-BF4B-00C04F79EFBC}") = "EmployeeSystem", "EmployeeSystem\EmployeeSystem.csproj", "{405FA6FA-D5CC-47C6-9463-2E13EDFC7013}"
EndProject
Project("{FAE04EC0-301F-11D3-BF4B-00C04F79EFBC}") = "BillCalculator", "BillCalculator\BillCalculator.csproj", "{34E62344-5798-442D-84FF-2FE23B0CE73F}"
EndProject
Global
	GlobalSection(SolutionConfigurationPlatforms) = preSolution
		Debug|Any CPU = Debug|Any CPU
		Debug|x64 = Debug|x64
		Debug|x86 = Debug|x86
		Release|Any CPU = Release|Any CPU
		Release|x64 = Release|x64
		Release|x86 = Release|x86
	EndGlobalSection
	GlobalSection(ProjectConfigurationPlatforms) = postSolution
		{F915DA30-612E-4E86-9D3A-80B7D3A88914}.Debug|Any CPU.ActiveCfg = Debug|Any CPU
		{F915DA30-612E-4E86-9D3A-80B7D3A88914}.Debug|Any CPU.Build.0 = Debug|Any CPU
		{F915DA30-612E-4E86-9D3A-80B7D3A88914}.Debug|x64.ActiveCfg = Debug|Any CPU
		{F915DA30-612E-4E86-9D3A-80B7D3A88914}.Debug|x64.Build.0 = Debug|Any CPU
		{F915DA30-612E-4E86-9D3A-80B7D3A88914}.Debug|x86.ActiveCfg = Debug|Any CPU
		{F915DA30-612E-4E86-9D3A-80B7D3A88914}.Debug|x86.Build.0 = Debug|Any CPU
		{F915DA30-612E-4E86-9D3A-80B7D3A88914}.Release|Any CPU.ActiveCfg = Release|Any CPU
		{F915DA30-612E-4E86-9D3A-80B7D3A88914}.Release|Any CPU.Build.0 = Release|Any CPU
		{F915DA30-612E-4E86-9D3A-80B7D3A88914}.Release|x64.ActiveCfg = Release|Any CPU
		{F915DA30-612E-4E86-9D3A-80B7D3A88914}.Release|x64.Build.0 = Release|Any CPU
		{F915DA30-612E-4E86-9D3A-80B7D3A88914}.Release|x86.ActiveCfg = Release|Any CPU
		{F915DA30-612E-4E86-9D3A-80B7D3A88914}.Release|x86.Build.0 = Release|Any CPU
		{405FA6FA-D5CC-47C6-9463-2E13EDFC7013}.Debug|Any CPU.ActiveCfg = Debug|Any CPU
		{405FA6FA-D5CC-47C6-9463-2E13EDFC7013}.Debug|Any CPU.Build.0 = Debug|Any CPU
		{405FA6FA-D5CC-47C6-9463-2E13EDFC7013}.Debug|x64.ActiveCfg = Debug|Any CPU
		{405FA6FA-D5CC-47C6-9463-2E13EDFC7013}.Debug|x64.Build.0 = Debug|Any CPU
		{405FA6FA-D5CC-47C6-9463-2E13EDFC7013}.Debug|x86.ActiveCfg = Debug|Any CPU
		{405FA6FA-D5CC-47C6-9463-2E13EDFC7013}.Debug|x86.Build.0 = Debug|Any CPU
		{405FA6FA-D5CC-47C6-9463-2E13EDFC7013}.Release|Any CPU.ActiveCfg = Release|Any CPU
		{405FA6FA-D5CC-47C6-9463-2E13EDFC7013}.Release|Any CPU.Build.0 = Release|Any CPU
		{405FA6FA-D5CC-47C6-9463-2E13EDFC7013}.Release|x64.ActiveCfg = Release|Any CPU
		{405FA6FA-D5CC-47C6-9463-2E13EDFC7013}.Release|x64.Build.0 = Release|Any CPU
		{405FA6FA-D5CC-47C6-9463-2E13EDFC7013}.Release|x86.ActiveCfg = Release|Any CPU
		{405FA6FA-D5CC-47C6-9463-2E13EDFC7013}.Release|x86.Build.0 = Release|Any CPU
		{34E62344-5798-442D-84FF-2FE23B0CE73F}.Debug|Any CPU.ActiveCfg = Debug|Any CPU
		{34E62344-5798-442D-84FF-2FE23B0CE73F}.Debug|Any CPU.Build.0 = Debug|Any CPU
		{34E62344-5798-442D-84FF-2FE23B0CE73F}.Debug|x64.ActiveCfg = Debug|Any CPU
		{34E62344-5798-442D-84FF-2FE23B0CE73F}.Debug|x64.Build.0 = Debug|Any CPU
		{34E62344-5798-442D-84FF-2FE23B0CE73F}.Debug|x86.ActiveCfg = Debug|Any CPU
		{34E62344-5798-442D-84FF-2FE23B0CE73F}.Debug|x86.Build.0 = Debug|Any CPU
		{34E62344-5798-442D-84FF-2FE23B0CE73F}.Release|Any CPU.ActiveCfg = Release|Any CPU
		{34E62344-5798-442D-84FF-2FE23B0CE73F}.Release|Any CPU.Build.0 = Release|Any CPU
		{34E62344-5798-442D-84FF-2FE23B0CE73F}.Release|x64.ActiveCfg = Release|Any CPU
		{34E62344-5798-442D-84FF-2FE23B0CE73F}.Release|x64.Build.0 = Release|Any CPU
		{34E62344-5798-442D-84FF-2FE23B0CE73F}.Release|x86.ActiveCfg = Release|Any CPU
		{34E62344-5798-442D-84FF-2FE23B0CE73F}.Release|x86.Build.0 = Release|Any CPU
	EndGlobalSection
	GlobalSection(SolutionProperties) = preSolution
		HideSolutionNode = FALSE
	EndGlobalSection
EndGlobal
