
Microsoft Visual Studio Solution File, Format Version 12.00
# Visual Studio Version 17
VisualStudioVersion = 17.0.31903.59
MinimumVisualStudioVersion = 10.0.40219.1
Project("{FAE04EC0-301F-11D3-BF4B-00C04F79EFBC}") = "StringsMore", "StringsMore\StringsMore.csproj", "{2CE11F2A-3D4A-4288-885A-E8F1D4E6D858}"
EndProject
Project("{FAE04EC0-301F-11D3-BF4B-00C04F79EFBC}") = "StringLength", "StringLength\StringLength.csproj", "{12771B73-DD57-4215-9CBD-D149D38F8503}"
EndProject
Project("{FAE04EC0-301F-11D3-BF4B-00C04F79EFBC}") = "SeparateChar", "SeparateChar\SeparateChar.csproj", "{6A395B2D-2069-4C6D-B549-569B4BCA0E2D}"
EndProject
Project("{FAE04EC0-301F-11D3-BF4B-00C04F79EFBC}") = "WordCount", "WordCount\WordCount.csproj", "{04E3A505-D4BE-46C6-99D0-2C34E711A554}"
EndProject
Project("{FAE04EC0-301F-11D3-BF4B-00C04F79EFBC}") = "CompareTwoStrings", "CompareTwoStrings\CompareTwoStrings.csproj", "{2D74AA63-3D57-4694-965C-3C541F87BA6B}"
EndProject
Project("{FAE04EC0-301F-11D3-BF4B-00C04F79EFBC}") = "VowelCOnsonants", "VowelCOnsonants\VowelCOnsonants.csproj", "{3E39DA88-8B9B-4C9F-87A2-7435190BA813}"
EndProject
Project("{FAE04EC0-301F-11D3-BF4B-00C04F79EFBC}") = "SearchString", "SearchString\SearchString.csproj", "{A7319D0E-F10C-4AE3-9148-B9C71A2F7387}"
EndProject
Project("{FAE04EC0-301F-11D3-BF4B-00C04F79EFBC}") = "CompareLastName", "CompareLastName\CompareLastName.csproj", "{842C9F5A-F1AE-465C-A5C9-AC826ADAA8AD}"
EndProject
Project("{FAE04EC0-301F-11D3-BF4B-00C04F79EFBC}") = "SwapIndex", "SwapIndex\SwapIndex.csproj", "{9B39D27A-005F-4EEC-A501-C6BFDA9514FD}"
EndProject
Project("{FAE04EC0-301F-11D3-BF4B-00C04F79EFBC}") = "ChangeCase", "ChangeCase\ChangeCase.csproj", "{3C5D48DE-E79B-4E16-8943-3E3F550DC251}"
EndProject
Global
	GlobalSection(SolutionConfigurationPlatforms) = preSolution
		Debug|Any CPU = Debug|Any CPU
		Debug|x64 = Debug|x64
		Debug|x86 = Debug|x86
		Release|Any CPU = Release|Any CPU
		Release|x64 = Release|x64
		Release|x86 = Release|x86
	EndGlobalSection
	GlobalSection(ProjectConfigurationPlatforms) = postSolution
		{2CE11F2A-3D4A-4288-885A-E8F1D4E6D858}.Debug|Any CPU.ActiveCfg = Debug|Any CPU
		{2CE11F2A-3D4A-4288-885A-E8F1D4E6D858}.Debug|Any CPU.Build.0 = Debug|Any CPU
		{2CE11F2A-3D4A-4288-885A-E8F1D4E6D858}.Debug|x64.ActiveCfg = Debug|Any CPU
		{2CE11F2A-3D4A-4288-885A-E8F1D4E6D858}.Debug|x64.Build.0 = Debug|Any CPU
		{2CE11F2A-3D4A-4288-885A-E8F1D4E6D858}.Debug|x86.ActiveCfg = Debug|Any CPU
		{2CE11F2A-3D4A-4288-885A-E8F1D4E6D858}.Debug|x86.Build.0 = Debug|Any CPU
		{2CE11F2A-3D4A-4288-885A-E8F1D4E6D858}.Release|Any CPU.ActiveCfg = Release|Any CPU
		{2CE11F2A-3D4A-4288-885A-E8F1D4E6D858}.Release|Any CPU.Build.0 = Release|Any CPU
		{2CE11F2A-3D4A-4288-885A-E8F1D4E6D858}.Release|x64.ActiveCfg = Release|Any CPU
		{2CE11F2A-3D4A-4288-885A-E8F1D4E6D858}.Release|x64.Build.0 = Release|Any CPU
		{2CE11F2A-3D4A-4288-885A-E8F1D4E6D858}.Release|x86.ActiveCfg = Release|Any CPU
		{2CE11F2A-3D4A-4288-885A-E8F1D4E6D858}.Release|x86.Build.0 = Release|Any CPU
		{12771B73-DD57-4215-9CBD-D149D38F8503}.Debug|Any CPU.ActiveCfg = Debug|Any CPU
		{12771B73-DD57-4215-9CBD-D149D38F8503}.Debug|Any CPU.Build.0 = Debug|Any CPU
		{12771B73-DD57-4215-9CBD-D149D38F8503}.Debug|x64.ActiveCfg = Debug|Any CPU
		{12771B73-DD57-4215-9CBD-D149D38F8503}.Debug|x64.Build.0 = Debug|Any CPU
		{12771B73-DD57-4215-9CBD-D149D38F8503}.Debug|x86.ActiveCfg = Debug|Any CPU
		{12771B73-DD57-4215-9CBD-D149D38F8503}.Debug|x86.Build.0 = Debug|Any CPU
		{12771B73-DD57-4215-9CBD-D149D38F8503}.Release|Any CPU.ActiveCfg = Release|Any CPU
		{12771B73-DD57-4215-9CBD-D149D38F8503}.Release|Any CPU.Build.0 = Release|Any CPU
		{12771B73-DD57-4215-9CBD-D149D38F8503}.Release|x64.ActiveCfg = Release|Any CPU
		{12771B73-DD57-4215-9CBD-D149D38F8503}.Release|x64.Build.0 = Release|Any CPU
		{12771B73-DD57-4215-9CBD-D149D38F8503}.Release|x86.ActiveCfg = Release|Any CPU
		{12771B73-DD57-4215-9CBD-D149D38F8503}.Release|x86.Build.0 = Release|Any CPU
		{6A395B2D-2069-4C6D-B549-569B4BCA0E2D}.Debug|Any CPU.ActiveCfg = Debug|Any CPU
		{6A395B2D-2069-4C6D-B549-569B4BCA0E2D}.Debug|Any CPU.Build.0 = Debug|Any CPU
		{6A395B2D-2069-4C6D-B549-569B4BCA0E2D}.Debug|x64.ActiveCfg = Debug|Any CPU
		{6A395B2D-2069-4C6D-B549-569B4BCA0E2D}.Debug|x64.Build.0 = Debug|Any CPU
		{6A395B2D-2069-4C6D-B549-569B4BCA0E2D}.Debug|x86.ActiveCfg = Debug|Any CPU
		{6A395B2D-2069-4C6D-B549-569B4BCA0E2D}.Debug|x86.Build.0 = Debug|Any CPU
		{6A395B2D-2069-4C6D-B549-569B4BCA0E2D}.Release|Any CPU.ActiveCfg = Release|Any CPU
		{6A395B2D-2069-4C6D-B549-569B4BCA0E2D}.Release|Any CPU.Build.0 = Release|Any CPU
		{6A395B2D-2069-4C6D-B549-569B4BCA0E2D}.Release|x64.ActiveCfg = Release|Any CPU
		{6A395B2D-2069-4C6D-B549-569B4BCA0E2D}.Release|x64.Build.0 = Release|Any CPU
		{6A395B2D-2069-4C6D-B549-569B4BCA0E2D}.Release|x86.ActiveCfg = Release|Any CPU
		{6A395B2D-2069-4C6D-B549-569B4BCA0E2D}.Release|x86.Build.0 = Release|Any CPU
		{04E3A505-D4BE-46C6-99D0-2C34E711A554}.Debug|Any CPU.ActiveCfg = Debug|Any CPU
		{04E3A505-D4BE-46C6-99D0-2C34E711A554}.Debug|Any CPU.Build.0 = Debug|Any CPU
		{04E3A505-D4BE-46C6-99D0-2C34E711A554}.Debug|x64.ActiveCfg = Debug|Any CPU
		{04E3A505-D4BE-46C6-99D0-2C34E711A554}.Debug|x64.Build.0 = Debug|Any CPU
		{04E3A505-D4BE-46C6-99D0-2C34E711A554}.Debug|x86.ActiveCfg = Debug|Any CPU
		{04E3A505-D4BE-46C6-99D0-2C34E711A554}.Debug|x86.Build.0 = Debug|Any CPU
		{04E3A505-D4BE-46C6-99D0-2C34E711A554}.Release|Any CPU.ActiveCfg = Release|Any CPU
		{04E3A505-D4BE-46C6-99D0-2C34E711A554}.Release|Any CPU.Build.0 = Release|Any CPU
		{04E3A505-D4BE-46C6-99D0-2C34E711A554}.Release|x64.ActiveCfg = Release|Any CPU
		{04E3A505-D4BE-46C6-99D0-2C34E711A554}.Release|x64.Build.0 = Release|Any CPU
		{04E3A505-D4BE-46C6-99D0-2C34E711A554}.Release|x86.ActiveCfg = Release|Any CPU
		{04E3A505-D4BE-46C6-99D0-2C34E711A554}.Release|x86.Build.0 = Release|Any CPU
		{2D74AA63-3D57-4694-965C-3C541F87BA6B}.Debug|Any CPU.ActiveCfg = Debug|Any CPU
		{2D74AA63-3D57-4694-965C-3C541F87BA6B}.Debug|Any CPU.Build.0 = Debug|Any CPU
		{2D74AA63-3D57-4694-965C-3C541F87BA6B}.Debug|x64.ActiveCfg = Debug|Any CPU
		{2D74AA63-3D57-4694-965C-3C541F87BA6B}.Debug|x64.Build.0 = Debug|Any CPU
		{2D74AA63-3D57-4694-965C-3C541F87BA6B}.Debug|x86.ActiveCfg = Debug|Any CPU
		{2D74AA63-3D57-4694-965C-3C541F87BA6B}.Debug|x86.Build.0 = Debug|Any CPU
		{2D74AA63-3D57-4694-965C-3C541F87BA6B}.Release|Any CPU.ActiveCfg = Release|Any CPU
		{2D74AA63-3D57-4694-965C-3C541F87BA6B}.Release|Any CPU.Build.0 = Release|Any CPU
		{2D74AA63-3D57-4694-965C-3C541F87BA6B}.Release|x64.ActiveCfg = Release|Any CPU
		{2D74AA63-3D57-4694-965C-3C541F87BA6B}.Release|x64.Build.0 = Release|Any CPU
		{2D74AA63-3D57-4694-965C-3C541F87BA6B}.Release|x86.ActiveCfg = Release|Any CPU
		{2D74AA63-3D57-4694-965C-3C541F87BA6B}.Release|x86.Build.0 = Release|Any CPU
		{3E39DA88-8B9B-4C9F-87A2-7435190BA813}.Debug|Any CPU.ActiveCfg = Debug|Any CPU
		{3E39DA88-8B9B-4C9F-87A2-7435190BA813}.Debug|Any CPU.Build.0 = Debug|Any CPU
		{3E39DA88-8B9B-4C9F-87A2-7435190BA813}.Debug|x64.ActiveCfg = Debug|Any CPU
		{3E39DA88-8B9B-4C9F-87A2-7435190BA813}.Debug|x64.Build.0 = Debug|Any CPU
		{3E39DA88-8B9B-4C9F-87A2-7435190BA813}.Debug|x86.ActiveCfg = Debug|Any CPU
		{3E39DA88-8B9B-4C9F-87A2-7435190BA813}.Debug|x86.Build.0 = Debug|Any CPU
		{3E39DA88-8B9B-4C9F-87A2-7435190BA813}.Release|Any CPU.ActiveCfg = Release|Any CPU
		{3E39DA88-8B9B-4C9F-87A2-7435190BA813}.Release|Any CPU.Build.0 = Release|Any CPU
		{3E39DA88-8B9B-4C9F-87A2-7435190BA813}.Release|x64.ActiveCfg = Release|Any CPU
		{3E39DA88-8B9B-4C9F-87A2-7435190BA813}.Release|x64.Build.0 = Release|Any CPU
		{3E39DA88-8B9B-4C9F-87A2-7435190BA813}.Release|x86.ActiveCfg = Release|Any CPU
		{3E39DA88-8B9B-4C9F-87A2-7435190BA813}.Release|x86.Build.0 = Release|Any CPU
		{A7319D0E-F10C-4AE3-9148-B9C71A2F7387}.Debug|Any CPU.ActiveCfg = Debug|Any CPU
		{A7319D0E-F10C-4AE3-9148-B9C71A2F7387}.Debug|Any CPU.Build.0 = Debug|Any CPU
		{A7319D0E-F10C-4AE3-9148-B9C71A2F7387}.Debug|x64.ActiveCfg = Debug|Any CPU
		{A7319D0E-F10C-4AE3-9148-B9C71A2F7387}.Debug|x64.Build.0 = Debug|Any CPU
		{A7319D0E-F10C-4AE3-9148-B9C71A2F7387}.Debug|x86.ActiveCfg = Debug|Any CPU
		{A7319D0E-F10C-4AE3-9148-B9C71A2F7387}.Debug|x86.Build.0 = Debug|Any CPU
		{A7319D0E-F10C-4AE3-9148-B9C71A2F7387}.Release|Any CPU.ActiveCfg = Release|Any CPU
		{A7319D0E-F10C-4AE3-9148-B9C71A2F7387}.Release|Any CPU.Build.0 = Release|Any CPU
		{A7319D0E-F10C-4AE3-9148-B9C71A2F7387}.Release|x64.ActiveCfg = Release|Any CPU
		{A7319D0E-F10C-4AE3-9148-B9C71A2F7387}.Release|x64.Build.0 = Release|Any CPU
		{A7319D0E-F10C-4AE3-9148-B9C71A2F7387}.Release|x86.ActiveCfg = Release|Any CPU
		{A7319D0E-F10C-4AE3-9148-B9C71A2F7387}.Release|x86.Build.0 = Release|Any CPU
		{842C9F5A-F1AE-465C-A5C9-AC826ADAA8AD}.Debug|Any CPU.ActiveCfg = Debug|Any CPU
		{842C9F5A-F1AE-465C-A5C9-AC826ADAA8AD}.Debug|Any CPU.Build.0 = Debug|Any CPU
		{842C9F5A-F1AE-465C-A5C9-AC826ADAA8AD}.Debug|x64.ActiveCfg = Debug|Any CPU
		{842C9F5A-F1AE-465C-A5C9-AC826ADAA8AD}.Debug|x64.Build.0 = Debug|Any CPU
		{842C9F5A-F1AE-465C-A5C9-AC826ADAA8AD}.Debug|x86.ActiveCfg = Debug|Any CPU
		{842C9F5A-F1AE-465C-A5C9-AC826ADAA8AD}.Debug|x86.Build.0 = Debug|Any CPU
		{842C9F5A-F1AE-465C-A5C9-AC826ADAA8AD}.Release|Any CPU.ActiveCfg = Release|Any CPU
		{842C9F5A-F1AE-465C-A5C9-AC826ADAA8AD}.Release|Any CPU.Build.0 = Release|Any CPU
		{842C9F5A-F1AE-465C-A5C9-AC826ADAA8AD}.Release|x64.ActiveCfg = Release|Any CPU
		{842C9F5A-F1AE-465C-A5C9-AC826ADAA8AD}.Release|x64.Build.0 = Release|Any CPU
		{842C9F5A-F1AE-465C-A5C9-AC826ADAA8AD}.Release|x86.ActiveCfg = Release|Any CPU
		{842C9F5A-F1AE-465C-A5C9-AC826ADAA8AD}.Release|x86.Build.0 = Release|Any CPU
		{9B39D27A-005F-4EEC-A501-C6BFDA9514FD}.Debug|Any CPU.ActiveCfg = Debug|Any CPU
		{9B39D27A-005F-4EEC-A501-C6BFDA9514FD}.Debug|Any CPU.Build.0 = Debug|Any CPU
		{9B39D27A-005F-4EEC-A501-C6BFDA9514FD}.Debug|x64.ActiveCfg = Debug|Any CPU
		{9B39D27A-005F-4EEC-A501-C6BFDA9514FD}.Debug|x64.Build.0 = Debug|Any CPU
		{9B39D27A-005F-4EEC-A501-C6BFDA9514FD}.Debug|x86.ActiveCfg = Debug|Any CPU
		{9B39D27A-005F-4EEC-A501-C6BFDA9514FD}.Debug|x86.Build.0 = Debug|Any CPU
		{9B39D27A-005F-4EEC-A501-C6BFDA9514FD}.Release|Any CPU.ActiveCfg = Release|Any CPU
		{9B39D27A-005F-4EEC-A501-C6BFDA9514FD}.Release|Any CPU.Build.0 = Release|Any CPU
		{9B39D27A-005F-4EEC-A501-C6BFDA9514FD}.Release|x64.ActiveCfg = Release|Any CPU
		{9B39D27A-005F-4EEC-A501-C6BFDA9514FD}.Release|x64.Build.0 = Release|Any CPU
		{9B39D27A-005F-4EEC-A501-C6BFDA9514FD}.Release|x86.ActiveCfg = Release|Any CPU
		{9B39D27A-005F-4EEC-A501-C6BFDA9514FD}.Release|x86.Build.0 = Release|Any CPU
		{3C5D48DE-E79B-4E16-8943-3E3F550DC251}.Debug|Any CPU.ActiveCfg = Debug|Any CPU
		{3C5D48DE-E79B-4E16-8943-3E3F550DC251}.Debug|Any CPU.Build.0 = Debug|Any CPU
		{3C5D48DE-E79B-4E16-8943-3E3F550DC251}.Debug|x64.ActiveCfg = Debug|Any CPU
		{3C5D48DE-E79B-4E16-8943-3E3F550DC251}.Debug|x64.Build.0 = Debug|Any CPU
		{3C5D48DE-E79B-4E16-8943-3E3F550DC251}.Debug|x86.ActiveCfg = Debug|Any CPU
		{3C5D48DE-E79B-4E16-8943-3E3F550DC251}.Debug|x86.Build.0 = Debug|Any CPU
		{3C5D48DE-E79B-4E16-8943-3E3F550DC251}.Release|Any CPU.ActiveCfg = Release|Any CPU
		{3C5D48DE-E79B-4E16-8943-3E3F550DC251}.Release|Any CPU.Build.0 = Release|Any CPU
		{3C5D48DE-E79B-4E16-8943-3E3F550DC251}.Release|x64.ActiveCfg = Release|Any CPU
		{3C5D48DE-E79B-4E16-8943-3E3F550DC251}.Release|x64.Build.0 = Release|Any CPU
		{3C5D48DE-E79B-4E16-8943-3E3F550DC251}.Release|x86.ActiveCfg = Release|Any CPU
		{3C5D48DE-E79B-4E16-8943-3E3F550DC251}.Release|x86.Build.0 = Release|Any CPU
	EndGlobalSection
	GlobalSection(SolutionProperties) = preSolution
		HideSolutionNode = FALSE
	EndGlobalSection
EndGlobal
