Microsoft Visual Studio Solution File, Format Version 12.00
# Visual Studio Version 17
VisualStudioVersion = 17.5.2.0
MinimumVisualStudioVersion = 10.0.40219.1
Project("{FAE04EC0-301F-11D3-BF4B-00C04F79EFBC}") = "LearnSQLite", "LearnSQLite.csproj", "{79DBD9DA-C157-FC78-F674-FFA38701E33B}"
EndProject
Global
	GlobalSection(SolutionConfigurationPlatforms) = preSolution
		Debug|Any CPU = Debug|Any CPU
		Release|Any CPU = Release|Any CPU
	EndGlobalSection
	GlobalSection(ProjectConfigurationPlatforms) = postSolution
		{79DBD9DA-C157-FC78-F674-FFA38701E33B}.Debug|Any CPU.ActiveCfg = Debug|Any CPU
		{79DBD9DA-C157-FC78-F674-FFA38701E33B}.Debug|Any CPU.Build.0 = Debug|Any CPU
		{79DBD9DA-C157-FC78-F674-FFA38701E33B}.Release|Any CPU.ActiveCfg = Release|Any CPU
		{79DBD9DA-C157-FC78-F674-FFA38701E33B}.Release|Any CPU.Build.0 = Release|Any CPU
	EndGlobalSection
	GlobalSection(SolutionProperties) = preSolution
		HideSolutionNode = FALSE
	EndGlobalSection
	GlobalSection(ExtensibilityGlobals) = postSolution
		SolutionGuid = {960355B0-2ACC-4A4C-8AF4-E4C70A923D88}
	EndGlobalSection
EndGlobal
