
Microsoft Visual Studio Solution File, Format Version 12.00
# Visual Studio Version 17
VisualStudioVersion = 17.0.31903.59
MinimumVisualStudioVersion = 10.0.40219.1
Project("{FAE04EC0-301F-11D3-BF4B-00C04F79EFBC}") = "Test", "Test\Test.csproj", "{E4029331-E4C2-4AEB-8D5C-69490D5DC733}"
EndProject
Project("{FAE04EC0-301F-11D3-BF4B-00C04F79EFBC}") = "Forte", "Forte\Forte.csproj", "{2B0CE967-1258-4E42-A053-5A89E05B2F14}"
EndProject
Project("{FAE04EC0-301F-11D3-BF4B-00C04F79EFBC}") = "Fifteen", "Fifteen\Fifteen.csproj", "{68BBE632-9886-4D9C-8064-447AB2AF3E38}"
EndProject
Project("{FAE04EC0-301F-11D3-BF4B-00C04F79EFBC}") = "FuturePast", "FuturePast\FuturePast.csproj", "{33E37A85-6ECD-49A0-8326-119BC974BF15}"
EndProject
Project("{FAE04EC0-301F-11D3-BF4B-00C04F79EFBC}") = "DayInMonth", "DayInMonth\DayInMonth.csproj", "{8EDAE876-78B0-4CB6-BAA4-5AB000281C83}"
EndProject
Project("{FAE04EC0-301F-11D3-BF4B-00C04F79EFBC}") = "LeapYear", "LeapYear\LeapYear.csproj", "{76DE45E6-7256-48AD-881D-E8648E5EFC25}"
EndProject
Project("{FAE04EC0-301F-11D3-BF4B-00C04F79EFBC}") = "DailySalary", "DailySalary\DailySalary.csproj", "{40FF249E-22FB-44FC-BCD8-A56256EF5581}"
EndProject
Project("{FAE04EC0-301F-11D3-BF4B-00C04F79EFBC}") = "DailySal", "DailySal\DailySal.csproj", "{B2A619A3-2F0D-471B-9D9E-81EADBA27638}"
EndProject
Project("{FAE04EC0-301F-11D3-BF4B-00C04F79EFBC}") = "MinuteDif", "MinuteDif\MinuteDif.csproj", "{6D9E4DAB-CF90-4272-8D69-B8CA4633B502}"
EndProject
Project("{FAE04EC0-301F-11D3-BF4B-00C04F79EFBC}") = "DayDiff", "DayDiff\DayDiff.csproj", "{D0B83E8E-9427-4971-899A-A3B892FE555F}"
EndProject
Project("{FAE04EC0-301F-11D3-BF4B-00C04F79EFBC}") = "DisplayMonths", "DisplayMonths\DisplayMonths.csproj", "{2132663E-9DE9-4BAC-A29D-6B4B54894E2F}"
EndProject
Global
	GlobalSection(SolutionConfigurationPlatforms) = preSolution
		Debug|Any CPU = Debug|Any CPU
		Debug|x64 = Debug|x64
		Debug|x86 = Debug|x86
		Release|Any CPU = Release|Any CPU
		Release|x64 = Release|x64
		Release|x86 = Release|x86
	EndGlobalSection
	GlobalSection(ProjectConfigurationPlatforms) = postSolution
		{E4029331-E4C2-4AEB-8D5C-69490D5DC733}.Debug|Any CPU.ActiveCfg = Debug|Any CPU
		{E4029331-E4C2-4AEB-8D5C-69490D5DC733}.Debug|Any CPU.Build.0 = Debug|Any CPU
		{E4029331-E4C2-4AEB-8D5C-69490D5DC733}.Debug|x64.ActiveCfg = Debug|Any CPU
		{E4029331-E4C2-4AEB-8D5C-69490D5DC733}.Debug|x64.Build.0 = Debug|Any CPU
		{E4029331-E4C2-4AEB-8D5C-69490D5DC733}.Debug|x86.ActiveCfg = Debug|Any CPU
		{E4029331-E4C2-4AEB-8D5C-69490D5DC733}.Debug|x86.Build.0 = Debug|Any CPU
		{E4029331-E4C2-4AEB-8D5C-69490D5DC733}.Release|Any CPU.ActiveCfg = Release|Any CPU
		{E4029331-E4C2-4AEB-8D5C-69490D5DC733}.Release|Any CPU.Build.0 = Release|Any CPU
		{E4029331-E4C2-4AEB-8D5C-69490D5DC733}.Release|x64.ActiveCfg = Release|Any CPU
		{E4029331-E4C2-4AEB-8D5C-69490D5DC733}.Release|x64.Build.0 = Release|Any CPU
		{E4029331-E4C2-4AEB-8D5C-69490D5DC733}.Release|x86.ActiveCfg = Release|Any CPU
		{E4029331-E4C2-4AEB-8D5C-69490D5DC733}.Release|x86.Build.0 = Release|Any CPU
		{2B0CE967-1258-4E42-A053-5A89E05B2F14}.Debug|Any CPU.ActiveCfg = Debug|Any CPU
		{2B0CE967-1258-4E42-A053-5A89E05B2F14}.Debug|Any CPU.Build.0 = Debug|Any CPU
		{2B0CE967-1258-4E42-A053-5A89E05B2F14}.Debug|x64.ActiveCfg = Debug|Any CPU
		{2B0CE967-1258-4E42-A053-5A89E05B2F14}.Debug|x64.Build.0 = Debug|Any CPU
		{2B0CE967-1258-4E42-A053-5A89E05B2F14}.Debug|x86.ActiveCfg = Debug|Any CPU
		{2B0CE967-1258-4E42-A053-5A89E05B2F14}.Debug|x86.Build.0 = Debug|Any CPU
		{2B0CE967-1258-4E42-A053-5A89E05B2F14}.Release|Any CPU.ActiveCfg = Release|Any CPU
		{2B0CE967-1258-4E42-A053-5A89E05B2F14}.Release|Any CPU.Build.0 = Release|Any CPU
		{2B0CE967-1258-4E42-A053-5A89E05B2F14}.Release|x64.ActiveCfg = Release|Any CPU
		{2B0CE967-1258-4E42-A053-5A89E05B2F14}.Release|x64.Build.0 = Release|Any CPU
		{2B0CE967-1258-4E42-A053-5A89E05B2F14}.Release|x86.ActiveCfg = Release|Any CPU
		{2B0CE967-1258-4E42-A053-5A89E05B2F14}.Release|x86.Build.0 = Release|Any CPU
		{68BBE632-9886-4D9C-8064-447AB2AF3E38}.Debug|Any CPU.ActiveCfg = Debug|Any CPU
		{68BBE632-9886-4D9C-8064-447AB2AF3E38}.Debug|Any CPU.Build.0 = Debug|Any CPU
		{68BBE632-9886-4D9C-8064-447AB2AF3E38}.Debug|x64.ActiveCfg = Debug|Any CPU
		{68BBE632-9886-4D9C-8064-447AB2AF3E38}.Debug|x64.Build.0 = Debug|Any CPU
		{68BBE632-9886-4D9C-8064-447AB2AF3E38}.Debug|x86.ActiveCfg = Debug|Any CPU
		{68BBE632-9886-4D9C-8064-447AB2AF3E38}.Debug|x86.Build.0 = Debug|Any CPU
		{68BBE632-9886-4D9C-8064-447AB2AF3E38}.Release|Any CPU.ActiveCfg = Release|Any CPU
		{68BBE632-9886-4D9C-8064-447AB2AF3E38}.Release|Any CPU.Build.0 = Release|Any CPU
		{68BBE632-9886-4D9C-8064-447AB2AF3E38}.Release|x64.ActiveCfg = Release|Any CPU
		{68BBE632-9886-4D9C-8064-447AB2AF3E38}.Release|x64.Build.0 = Release|Any CPU
		{68BBE632-9886-4D9C-8064-447AB2AF3E38}.Release|x86.ActiveCfg = Release|Any CPU
		{68BBE632-9886-4D9C-8064-447AB2AF3E38}.Release|x86.Build.0 = Release|Any CPU
		{33E37A85-6ECD-49A0-8326-119BC974BF15}.Debug|Any CPU.ActiveCfg = Debug|Any CPU
		{33E37A85-6ECD-49A0-8326-119BC974BF15}.Debug|Any CPU.Build.0 = Debug|Any CPU
		{33E37A85-6ECD-49A0-8326-119BC974BF15}.Debug|x64.ActiveCfg = Debug|Any CPU
		{33E37A85-6ECD-49A0-8326-119BC974BF15}.Debug|x64.Build.0 = Debug|Any CPU
		{33E37A85-6ECD-49A0-8326-119BC974BF15}.Debug|x86.ActiveCfg = Debug|Any CPU
		{33E37A85-6ECD-49A0-8326-119BC974BF15}.Debug|x86.Build.0 = Debug|Any CPU
		{33E37A85-6ECD-49A0-8326-119BC974BF15}.Release|Any CPU.ActiveCfg = Release|Any CPU
		{33E37A85-6ECD-49A0-8326-119BC974BF15}.Release|Any CPU.Build.0 = Release|Any CPU
		{33E37A85-6ECD-49A0-8326-119BC974BF15}.Release|x64.ActiveCfg = Release|Any CPU
		{33E37A85-6ECD-49A0-8326-119BC974BF15}.Release|x64.Build.0 = Release|Any CPU
		{33E37A85-6ECD-49A0-8326-119BC974BF15}.Release|x86.ActiveCfg = Release|Any CPU
		{33E37A85-6ECD-49A0-8326-119BC974BF15}.Release|x86.Build.0 = Release|Any CPU
		{8EDAE876-78B0-4CB6-BAA4-5AB000281C83}.Debug|Any CPU.ActiveCfg = Debug|Any CPU
		{8EDAE876-78B0-4CB6-BAA4-5AB000281C83}.Debug|Any CPU.Build.0 = Debug|Any CPU
		{8EDAE876-78B0-4CB6-BAA4-5AB000281C83}.Debug|x64.ActiveCfg = Debug|Any CPU
		{8EDAE876-78B0-4CB6-BAA4-5AB000281C83}.Debug|x64.Build.0 = Debug|Any CPU
		{8EDAE876-78B0-4CB6-BAA4-5AB000281C83}.Debug|x86.ActiveCfg = Debug|Any CPU
		{8EDAE876-78B0-4CB6-BAA4-5AB000281C83}.Debug|x86.Build.0 = Debug|Any CPU
		{8EDAE876-78B0-4CB6-BAA4-5AB000281C83}.Release|Any CPU.ActiveCfg = Release|Any CPU
		{8EDAE876-78B0-4CB6-BAA4-5AB000281C83}.Release|Any CPU.Build.0 = Release|Any CPU
		{8EDAE876-78B0-4CB6-BAA4-5AB000281C83}.Release|x64.ActiveCfg = Release|Any CPU
		{8EDAE876-78B0-4CB6-BAA4-5AB000281C83}.Release|x64.Build.0 = Release|Any CPU
		{8EDAE876-78B0-4CB6-BAA4-5AB000281C83}.Release|x86.ActiveCfg = Release|Any CPU
		{8EDAE876-78B0-4CB6-BAA4-5AB000281C83}.Release|x86.Build.0 = Release|Any CPU
		{76DE45E6-7256-48AD-881D-E8648E5EFC25}.Debug|Any CPU.ActiveCfg = Debug|Any CPU
		{76DE45E6-7256-48AD-881D-E8648E5EFC25}.Debug|Any CPU.Build.0 = Debug|Any CPU
		{76DE45E6-7256-48AD-881D-E8648E5EFC25}.Debug|x64.ActiveCfg = Debug|Any CPU
		{76DE45E6-7256-48AD-881D-E8648E5EFC25}.Debug|x64.Build.0 = Debug|Any CPU
		{76DE45E6-7256-48AD-881D-E8648E5EFC25}.Debug|x86.ActiveCfg = Debug|Any CPU
		{76DE45E6-7256-48AD-881D-E8648E5EFC25}.Debug|x86.Build.0 = Debug|Any CPU
		{76DE45E6-7256-48AD-881D-E8648E5EFC25}.Release|Any CPU.ActiveCfg = Release|Any CPU
		{76DE45E6-7256-48AD-881D-E8648E5EFC25}.Release|Any CPU.Build.0 = Release|Any CPU
		{76DE45E6-7256-48AD-881D-E8648E5EFC25}.Release|x64.ActiveCfg = Release|Any CPU
		{76DE45E6-7256-48AD-881D-E8648E5EFC25}.Release|x64.Build.0 = Release|Any CPU
		{76DE45E6-7256-48AD-881D-E8648E5EFC25}.Release|x86.ActiveCfg = Release|Any CPU
		{76DE45E6-7256-48AD-881D-E8648E5EFC25}.Release|x86.Build.0 = Release|Any CPU
		{40FF249E-22FB-44FC-BCD8-A56256EF5581}.Debug|Any CPU.ActiveCfg = Debug|Any CPU
		{40FF249E-22FB-44FC-BCD8-A56256EF5581}.Debug|Any CPU.Build.0 = Debug|Any CPU
		{40FF249E-22FB-44FC-BCD8-A56256EF5581}.Debug|x64.ActiveCfg = Debug|Any CPU
		{40FF249E-22FB-44FC-BCD8-A56256EF5581}.Debug|x64.Build.0 = Debug|Any CPU
		{40FF249E-22FB-44FC-BCD8-A56256EF5581}.Debug|x86.ActiveCfg = Debug|Any CPU
		{40FF249E-22FB-44FC-BCD8-A56256EF5581}.Debug|x86.Build.0 = Debug|Any CPU
		{40FF249E-22FB-44FC-BCD8-A56256EF5581}.Release|Any CPU.ActiveCfg = Release|Any CPU
		{40FF249E-22FB-44FC-BCD8-A56256EF5581}.Release|Any CPU.Build.0 = Release|Any CPU
		{40FF249E-22FB-44FC-BCD8-A56256EF5581}.Release|x64.ActiveCfg = Release|Any CPU
		{40FF249E-22FB-44FC-BCD8-A56256EF5581}.Release|x64.Build.0 = Release|Any CPU
		{40FF249E-22FB-44FC-BCD8-A56256EF5581}.Release|x86.ActiveCfg = Release|Any CPU
		{40FF249E-22FB-44FC-BCD8-A56256EF5581}.Release|x86.Build.0 = Release|Any CPU
		{B2A619A3-2F0D-471B-9D9E-81EADBA27638}.Debug|Any CPU.ActiveCfg = Debug|Any CPU
		{B2A619A3-2F0D-471B-9D9E-81EADBA27638}.Debug|Any CPU.Build.0 = Debug|Any CPU
		{B2A619A3-2F0D-471B-9D9E-81EADBA27638}.Debug|x64.ActiveCfg = Debug|Any CPU
		{B2A619A3-2F0D-471B-9D9E-81EADBA27638}.Debug|x64.Build.0 = Debug|Any CPU
		{B2A619A3-2F0D-471B-9D9E-81EADBA27638}.Debug|x86.ActiveCfg = Debug|Any CPU
		{B2A619A3-2F0D-471B-9D9E-81EADBA27638}.Debug|x86.Build.0 = Debug|Any CPU
		{B2A619A3-2F0D-471B-9D9E-81EADBA27638}.Release|Any CPU.ActiveCfg = Release|Any CPU
		{B2A619A3-2F0D-471B-9D9E-81EADBA27638}.Release|Any CPU.Build.0 = Release|Any CPU
		{B2A619A3-2F0D-471B-9D9E-81EADBA27638}.Release|x64.ActiveCfg = Release|Any CPU
		{B2A619A3-2F0D-471B-9D9E-81EADBA27638}.Release|x64.Build.0 = Release|Any CPU
		{B2A619A3-2F0D-471B-9D9E-81EADBA27638}.Release|x86.ActiveCfg = Release|Any CPU
		{B2A619A3-2F0D-471B-9D9E-81EADBA27638}.Release|x86.Build.0 = Release|Any CPU
		{6D9E4DAB-CF90-4272-8D69-B8CA4633B502}.Debug|Any CPU.ActiveCfg = Debug|Any CPU
		{6D9E4DAB-CF90-4272-8D69-B8CA4633B502}.Debug|Any CPU.Build.0 = Debug|Any CPU
		{6D9E4DAB-CF90-4272-8D69-B8CA4633B502}.Debug|x64.ActiveCfg = Debug|Any CPU
		{6D9E4DAB-CF90-4272-8D69-B8CA4633B502}.Debug|x64.Build.0 = Debug|Any CPU
		{6D9E4DAB-CF90-4272-8D69-B8CA4633B502}.Debug|x86.ActiveCfg = Debug|Any CPU
		{6D9E4DAB-CF90-4272-8D69-B8CA4633B502}.Debug|x86.Build.0 = Debug|Any CPU
		{6D9E4DAB-CF90-4272-8D69-B8CA4633B502}.Release|Any CPU.ActiveCfg = Release|Any CPU
		{6D9E4DAB-CF90-4272-8D69-B8CA4633B502}.Release|Any CPU.Build.0 = Release|Any CPU
		{6D9E4DAB-CF90-4272-8D69-B8CA4633B502}.Release|x64.ActiveCfg = Release|Any CPU
		{6D9E4DAB-CF90-4272-8D69-B8CA4633B502}.Release|x64.Build.0 = Release|Any CPU
		{6D9E4DAB-CF90-4272-8D69-B8CA4633B502}.Release|x86.ActiveCfg = Release|Any CPU
		{6D9E4DAB-CF90-4272-8D69-B8CA4633B502}.Release|x86.Build.0 = Release|Any CPU
		{D0B83E8E-9427-4971-899A-A3B892FE555F}.Debug|Any CPU.ActiveCfg = Debug|Any CPU
		{D0B83E8E-9427-4971-899A-A3B892FE555F}.Debug|Any CPU.Build.0 = Debug|Any CPU
		{D0B83E8E-9427-4971-899A-A3B892FE555F}.Debug|x64.ActiveCfg = Debug|Any CPU
		{D0B83E8E-9427-4971-899A-A3B892FE555F}.Debug|x64.Build.0 = Debug|Any CPU
		{D0B83E8E-9427-4971-899A-A3B892FE555F}.Debug|x86.ActiveCfg = Debug|Any CPU
		{D0B83E8E-9427-4971-899A-A3B892FE555F}.Debug|x86.Build.0 = Debug|Any CPU
		{D0B83E8E-9427-4971-899A-A3B892FE555F}.Release|Any CPU.ActiveCfg = Release|Any CPU
		{D0B83E8E-9427-4971-899A-A3B892FE555F}.Release|Any CPU.Build.0 = Release|Any CPU
		{D0B83E8E-9427-4971-899A-A3B892FE555F}.Release|x64.ActiveCfg = Release|Any CPU
		{D0B83E8E-9427-4971-899A-A3B892FE555F}.Release|x64.Build.0 = Release|Any CPU
		{D0B83E8E-9427-4971-899A-A3B892FE555F}.Release|x86.ActiveCfg = Release|Any CPU
		{D0B83E8E-9427-4971-899A-A3B892FE555F}.Release|x86.Build.0 = Release|Any CPU
		{2132663E-9DE9-4BAC-A29D-6B4B54894E2F}.Debug|Any CPU.ActiveCfg = Debug|Any CPU
		{2132663E-9DE9-4BAC-A29D-6B4B54894E2F}.Debug|Any CPU.Build.0 = Debug|Any CPU
		{2132663E-9DE9-4BAC-A29D-6B4B54894E2F}.Debug|x64.ActiveCfg = Debug|Any CPU
		{2132663E-9DE9-4BAC-A29D-6B4B54894E2F}.Debug|x64.Build.0 = Debug|Any CPU
		{2132663E-9DE9-4BAC-A29D-6B4B54894E2F}.Debug|x86.ActiveCfg = Debug|Any CPU
		{2132663E-9DE9-4BAC-A29D-6B4B54894E2F}.Debug|x86.Build.0 = Debug|Any CPU
		{2132663E-9DE9-4BAC-A29D-6B4B54894E2F}.Release|Any CPU.ActiveCfg = Release|Any CPU
		{2132663E-9DE9-4BAC-A29D-6B4B54894E2F}.Release|Any CPU.Build.0 = Release|Any CPU
		{2132663E-9DE9-4BAC-A29D-6B4B54894E2F}.Release|x64.ActiveCfg = Release|Any CPU
		{2132663E-9DE9-4BAC-A29D-6B4B54894E2F}.Release|x64.Build.0 = Release|Any CPU
		{2132663E-9DE9-4BAC-A29D-6B4B54894E2F}.Release|x86.ActiveCfg = Release|Any CPU
		{2132663E-9DE9-4BAC-A29D-6B4B54894E2F}.Release|x86.Build.0 = Release|Any CPU
	EndGlobalSection
	GlobalSection(SolutionProperties) = preSolution
		HideSolutionNode = FALSE
	EndGlobalSection
EndGlobal
