Microsoft Visual Studio Solution File, Format Version 12.00
# Visual Studio Version 17
VisualStudioVersion = 17.5.2.0
MinimumVisualStudioVersion = 10.0.40219.1
Project("{FAE04EC0-301F-11D3-BF4B-00C04F79EFBC}") = "CarModels", "CarModels.csproj", "{1BD93EC9-AE7B-70EE-9630-DA6FDABA6849}"
EndProject
Global
	GlobalSection(SolutionConfigurationPlatforms) = preSolution
		Debug|Any CPU = Debug|Any CPU
		Release|Any CPU = Release|Any CPU
	EndGlobalSection
	GlobalSection(ProjectConfigurationPlatforms) = postSolution
		{1BD93EC9-AE7B-70EE-9630-DA6FDABA6849}.Debug|Any CPU.ActiveCfg = Debug|Any CPU
		{1BD93EC9-AE7B-70EE-9630-DA6FDABA6849}.Debug|Any CPU.Build.0 = Debug|Any CPU
		{1BD93EC9-AE7B-70EE-9630-DA6FDABA6849}.Release|Any CPU.ActiveCfg = Release|Any CPU
		{1BD93EC9-AE7B-70EE-9630-DA6FDABA6849}.Release|Any CPU.Build.0 = Release|Any CPU
	EndGlobalSection
	GlobalSection(SolutionProperties) = preSolution
		HideSolutionNode = FALSE
	EndGlobalSection
	GlobalSection(ExtensibilityGlobals) = postSolution
		SolutionGuid = {56C0946E-08AB-4E40-A061-5C7B435CFA45}
	EndGlobalSection
EndGlobal
